
Microsoft Visual Studio Solution File, Format Version 12.00
# Visual Studio Version 17
VisualStudioVersion = 17.7.34202.233
MinimumVisualStudioVersion = 10.0.40219.1
Project("{9A19103F-16F7-4668-BE54-9A1E7A4F7556}") = "Units 222 Draft", "Units 222 Draft\Units 222 Draft.csproj", "{F24539D7-095B-44BB-85D6-8F9C9469940B}"
EndProject
Project("{FAE04EC0-301F-11D3-BF4B-00C04F79EFBC}") = "WpfApp5", "WpfApp5\WpfApp5.csproj", "{86EE3B42-6276-4585-969E-EDC92CD306D5}"
EndProject
Project("{FAE04EC0-301F-11D3-BF4B-00C04F79EFBC}") = "WpfApp1", "WpfApp1\WpfApp1.csproj", "{B3CF9F15-B494-4FAA-AC6D-EF598A49893A}"
EndProject
Global
	GlobalSection(SolutionConfigurationPlatforms) = preSolution
		Debug|Any CPU = Debug|Any CPU
		Release|Any CPU = Release|Any CPU
	EndGlobalSection
	GlobalSection(ProjectConfigurationPlatforms) = postSolution
		{F24539D7-095B-44BB-85D6-8F9C9469940B}.Debug|Any CPU.ActiveCfg = Debug|Any CPU
		{F24539D7-095B-44BB-85D6-8F9C9469940B}.Debug|Any CPU.Build.0 = Debug|Any CPU
		{F24539D7-095B-44BB-85D6-8F9C9469940B}.Release|Any CPU.ActiveCfg = Release|Any CPU
		{F24539D7-095B-44BB-85D6-8F9C9469940B}.Release|Any CPU.Build.0 = Release|Any CPU
		{86EE3B42-6276-4585-969E-EDC92CD306D5}.Debug|Any CPU.ActiveCfg = Debug|Any CPU
		{86EE3B42-6276-4585-969E-EDC92CD306D5}.Debug|Any CPU.Build.0 = Debug|Any CPU
		{86EE3B42-6276-4585-969E-EDC92CD306D5}.Release|Any CPU.ActiveCfg = Release|Any CPU
		{86EE3B42-6276-4585-969E-EDC92CD306D5}.Release|Any CPU.Build.0 = Release|Any CPU
		{B3CF9F15-B494-4FAA-AC6D-EF598A49893A}.Debug|Any CPU.ActiveCfg = Debug|Any CPU
		{B3CF9F15-B494-4FAA-AC6D-EF598A49893A}.Debug|Any CPU.Build.0 = Debug|Any CPU
		{B3CF9F15-B494-4FAA-AC6D-EF598A49893A}.Release|Any CPU.ActiveCfg = Release|Any CPU
		{B3CF9F15-B494-4FAA-AC6D-EF598A49893A}.Release|Any CPU.Build.0 = Release|Any CPU
	EndGlobalSection
	GlobalSection(SolutionProperties) = preSolution
		HideSolutionNode = FALSE
	EndGlobalSection
	GlobalSection(ExtensibilityGlobals) = postSolution
		SolutionGuid = {6847398B-16AE-4909-8A21-0A8590EDC28D}
	EndGlobalSection
EndGlobal
