
Microsoft Visual Studio Solution File, Format Version 12.00
# Visual Studio Version 17
VisualStudioVersion = 17.2.32602.215
MinimumVisualStudioVersion = 10.0.40219.1
Project("{9A19103F-16F7-4668-BE54-9A1E7A4F7556}") = "UnitsDrafts", "UnitsDrafts\UnitsDrafts.csproj", "{F5549AD2-718F-4CCB-978E-516445FEBB00}"
EndProject
Project("{9A19103F-16F7-4668-BE54-9A1E7A4F7556}") = "TestLibrary", "TestLibrary\TestLibrary.csproj", "{CADE21B7-264A-40EC-83BE-C065DA77781C}"
EndProject
Project("{9A19103F-16F7-4668-BE54-9A1E7A4F7556}") = "WPFStart", "WPFStart\WPFStart.csproj", "{C4793738-2480-4A3F-86A4-FB330B282B9A}"
EndProject
Project("{9A19103F-16F7-4668-BE54-9A1E7A4F7556}") = "AsyncAwaitExamples", "AsyncAwaitExamples\AsyncAwaitExamples.csproj", "{90CE99B1-10E4-47F4-A9B9-3CB6587AA8FA}"
EndProject
Project("{FAE04EC0-301F-11D3-BF4B-00C04F79EFBC}") = "WebApi", "WebApi\WebApi.csproj", "{3E707378-53A6-4573-A3BA-85FDD853C845}"
EndProject
Global
	GlobalSection(SolutionConfigurationPlatforms) = preSolution
		Debug|Any CPU = Debug|Any CPU
		Release|Any CPU = Release|Any CPU
	EndGlobalSection
	GlobalSection(ProjectConfigurationPlatforms) = postSolution
		{F5549AD2-718F-4CCB-978E-516445FEBB00}.Debug|Any CPU.ActiveCfg = Debug|Any CPU
		{F5549AD2-718F-4CCB-978E-516445FEBB00}.Debug|Any CPU.Build.0 = Debug|Any CPU
		{F5549AD2-718F-4CCB-978E-516445FEBB00}.Release|Any CPU.ActiveCfg = Release|Any CPU
		{F5549AD2-718F-4CCB-978E-516445FEBB00}.Release|Any CPU.Build.0 = Release|Any CPU
		{CADE21B7-264A-40EC-83BE-C065DA77781C}.Debug|Any CPU.ActiveCfg = Debug|Any CPU
		{CADE21B7-264A-40EC-83BE-C065DA77781C}.Debug|Any CPU.Build.0 = Debug|Any CPU
		{CADE21B7-264A-40EC-83BE-C065DA77781C}.Release|Any CPU.ActiveCfg = Release|Any CPU
		{CADE21B7-264A-40EC-83BE-C065DA77781C}.Release|Any CPU.Build.0 = Release|Any CPU
		{C4793738-2480-4A3F-86A4-FB330B282B9A}.Debug|Any CPU.ActiveCfg = Debug|Any CPU
		{C4793738-2480-4A3F-86A4-FB330B282B9A}.Debug|Any CPU.Build.0 = Debug|Any CPU
		{C4793738-2480-4A3F-86A4-FB330B282B9A}.Release|Any CPU.ActiveCfg = Release|Any CPU
		{C4793738-2480-4A3F-86A4-FB330B282B9A}.Release|Any CPU.Build.0 = Release|Any CPU
		{90CE99B1-10E4-47F4-A9B9-3CB6587AA8FA}.Debug|Any CPU.ActiveCfg = Debug|Any CPU
		{90CE99B1-10E4-47F4-A9B9-3CB6587AA8FA}.Debug|Any CPU.Build.0 = Debug|Any CPU
		{90CE99B1-10E4-47F4-A9B9-3CB6587AA8FA}.Release|Any CPU.ActiveCfg = Release|Any CPU
		{90CE99B1-10E4-47F4-A9B9-3CB6587AA8FA}.Release|Any CPU.Build.0 = Release|Any CPU
		{3E707378-53A6-4573-A3BA-85FDD853C845}.Debug|Any CPU.ActiveCfg = Debug|Any CPU
		{3E707378-53A6-4573-A3BA-85FDD853C845}.Debug|Any CPU.Build.0 = Debug|Any CPU
		{3E707378-53A6-4573-A3BA-85FDD853C845}.Release|Any CPU.ActiveCfg = Release|Any CPU
		{3E707378-53A6-4573-A3BA-85FDD853C845}.Release|Any CPU.Build.0 = Release|Any CPU
	EndGlobalSection
	GlobalSection(SolutionProperties) = preSolution
		HideSolutionNode = FALSE
	EndGlobalSection
	GlobalSection(ExtensibilityGlobals) = postSolution
		SolutionGuid = {F8B9AADE-2B0F-4197-AFA6-EE8D90AA87C6}
	EndGlobalSection
EndGlobal
