
Microsoft Visual Studio Solution File, Format Version 12.00
# Visual Studio Version 17
VisualStudioVersion = 17.7.34024.191
MinimumVisualStudioVersion = 10.0.40219.1
Project("{FAE04EC0-301F-11D3-BF4B-00C04F79EFBC}") = "unit", "unit\unit.csproj", "{647D6063-5F4C-4FBA-9165-5A9DAC48A8BD}"
EndProject
Global
	GlobalSection(SolutionConfigurationPlatforms) = preSolution
		Debug|Any CPU = Debug|Any CPU
		Release|Any CPU = Release|Any CPU
	EndGlobalSection
	GlobalSection(ProjectConfigurationPlatforms) = postSolution
		{647D6063-5F4C-4FBA-9165-5A9DAC48A8BD}.Debug|Any CPU.ActiveCfg = Debug|Any CPU
		{647D6063-5F4C-4FBA-9165-5A9DAC48A8BD}.Debug|Any CPU.Build.0 = Debug|Any CPU
		{647D6063-5F4C-4FBA-9165-5A9DAC48A8BD}.Release|Any CPU.ActiveCfg = Release|Any CPU
		{647D6063-5F4C-4FBA-9165-5A9DAC48A8BD}.Release|Any CPU.Build.0 = Release|Any CPU
	EndGlobalSection
	GlobalSection(SolutionProperties) = preSolution
		HideSolutionNode = FALSE
	EndGlobalSection
	GlobalSection(ExtensibilityGlobals) = postSolution
		SolutionGuid = {712C6EEB-B9F9-4F0C-8298-F961C583EC00}
	EndGlobalSection
EndGlobal
