
Microsoft Visual Studio Solution File, Format Version 12.00
# Visual Studio Version 17
VisualStudioVersion = 17.7.34202.233
MinimumVisualStudioVersion = 10.0.40219.1
Project("{FAE04EC0-301F-11D3-BF4B-00C04F79EFBC}") = "Units 222 Draft", "Units 222 Draft\Units 222 Draft.csproj", "{F24539D7-095B-44BB-85D6-8F9C9469940B}"
EndProject
Global
	GlobalSection(SolutionConfigurationPlatforms) = preSolution
		Debug|Any CPU = Debug|Any CPU
		Release|Any CPU = Release|Any CPU
	EndGlobalSection
	GlobalSection(ProjectConfigurationPlatforms) = postSolution
		{F24539D7-095B-44BB-85D6-8F9C9469940B}.Debug|Any CPU.ActiveCfg = Debug|Any CPU
		{F24539D7-095B-44BB-85D6-8F9C9469940B}.Debug|Any CPU.Build.0 = Debug|Any CPU
		{F24539D7-095B-44BB-85D6-8F9C9469940B}.Release|Any CPU.ActiveCfg = Release|Any CPU
		{F24539D7-095B-44BB-85D6-8F9C9469940B}.Release|Any CPU.Build.0 = Release|Any CPU
	EndGlobalSection
	GlobalSection(SolutionProperties) = preSolution
		HideSolutionNode = FALSE
	EndGlobalSection
	GlobalSection(ExtensibilityGlobals) = postSolution
		SolutionGuid = {6847398B-16AE-4909-8A21-0A8590EDC28D}
	EndGlobalSection
EndGlobal
